
Microsoft Visual Studio Solution File, Format Version 12.00
# Visual Studio Version 16
VisualStudioVersion = 16.0.29911.84
MinimumVisualStudioVersion = 10.0.40219.1
Project("{FAE04EC0-301F-11D3-BF4B-00C04F79EFBC}") = "SimpleBackUpTool", "SimpleBackUpTool\SimpleBackUpTool.csproj", "{F62D306F-5B8E-4875-805D-DC69B2E74AE7}"
EndProject
Global
	GlobalSection(SolutionConfigurationPlatforms) = preSolution
		Debug|Any CPU = Debug|Any CPU
		Release|Any CPU = Release|Any CPU
	EndGlobalSection
	GlobalSection(ProjectConfigurationPlatforms) = postSolution
		{F62D306F-5B8E-4875-805D-DC69B2E74AE7}.Debug|Any CPU.ActiveCfg = Debug|Any CPU
		{F62D306F-5B8E-4875-805D-DC69B2E74AE7}.Debug|Any CPU.Build.0 = Debug|Any CPU
		{F62D306F-5B8E-4875-805D-DC69B2E74AE7}.Release|Any CPU.ActiveCfg = Release|Any CPU
		{F62D306F-5B8E-4875-805D-DC69B2E74AE7}.Release|Any CPU.Build.0 = Release|Any CPU
	EndGlobalSection
	GlobalSection(SolutionProperties) = preSolution
		HideSolutionNode = FALSE
	EndGlobalSection
	GlobalSection(ExtensibilityGlobals) = postSolution
		SolutionGuid = {9020679E-499F-4FE7-9326-4C8D6AFE83EF}
	EndGlobalSection
EndGlobal
